
Microsoft Visual Studio Solution File, Format Version 12.00
# Visual Studio Version 17
VisualStudioVersion = 17.2.0.0
MinimumVisualStudioVersion = 17.2.0.0
Project("{9A19103F-16F7-4668-BE54-9A1E7A4F7556}") = "AudioReactiveVisualizer", "AudioReactiveVisualizer\AudioReactiveVisualizer.csproj", "3905C9AE-4937-6614-D665-7CD6E07F3FC7"
EndProject
Global
	GlobalSection(SolutionConfigurationPlatforms) = preSolution
		Debug|Any CPU = Debug|Any CPU
		Debug|x64 = Debug|x64
		Debug|x86 = Debug|x86
		Release|Any CPU = Release|Any CPU
		Release|x64 = Release|x64
		Release|x86 = Release|x86
	EndGlobalSection
	GlobalSection(ProjectConfigurationPlatforms) = postSolution
		{3905C9AE-4937-6614-D665-7CD6E07F3FC7}.Debug|Any CPU.ActiveCfg = Debug|Any CPU
		{3905C9AE-4937-6614-D665-7CD6E07F3FC7}.Debug|Any CPU.Build.0 = Debug|Any CPU
		{3905C9AE-4937-6614-D665-7CD6E07F3FC7}.Debug|x64.ActiveCfg = Debug|x64
		{3905C9AE-4937-6614-D665-7CD6E07F3FC7}.Debug|x64.Build.0 = Debug|x64
		{3905C9AE-4937-6614-D665-7CD6E07F3FC7}.Debug|x86.ActiveCfg = Debug|x86
		{3905C9AE-4937-6614-D665-7CD6E07F3FC7}.Debug|x86.Build.0 = Debug|x86
		{3905C9AE-4937-6614-D665-7CD6E07F3FC7}.Release|Any CPU.ActiveCfg = Release|Any CPU
		{3905C9AE-4937-6614-D665-7CD6E07F3FC7}.Release|Any CPU.Build.0 = Release|Any CPU
		{3905C9AE-4937-6614-D665-7CD6E07F3FC7}.Release|x64.ActiveCfg = Release|x64
		{3905C9AE-4937-6614-D665-7CD6E07F3FC7}.Release|x64.Build.0 = Release|x64
		{3905C9AE-4937-6614-D665-7CD6E07F3FC7}.Release|x86.ActiveCfg = Release|x86
		{3905C9AE-4937-6614-D665-7CD6E07F3FC7}.Release|x86.Build.0 = Release|x86
	EndGlobalSection
	GlobalSection(SolutionProperties) = preSolution
		HideSolutionNode = FALSE
	EndGlobalSection
	GlobalSection(ExtensibilityGlobals) = postSolution
		SolutionGuid = {{4ECE17E3-0430-4A56-96C7-ABDC9AA8B3F7}}
	EndGlobalSection
EndGlobal
